
Microsoft Visual Studio Solution File, Format Version 12.00
# Visual Studio Version 16
VisualStudioVersion = 16.0.31005.135
MinimumVisualStudioVersion = 10.0.40219.1
Project("{FAE04EC0-301F-11D3-BF4B-00C04F79EFBC}") = "Spinutech", "Spinutech\Spinutech.csproj", "{64DFC5B6-9D24-4819-8234-D5D05123E178}"
EndProject
Project("{FAE04EC0-301F-11D3-BF4B-00C04F79EFBC}") = "UnitTest", "UnitTest\UnitTest.csproj", "{046DCC96-80C3-462A-8243-162E239AA764}"
EndProject
Global
	GlobalSection(SolutionConfigurationPlatforms) = preSolution
		Debug|Any CPU = Debug|Any CPU
		Release|Any CPU = Release|Any CPU
	EndGlobalSection
	GlobalSection(ProjectConfigurationPlatforms) = postSolution
		{64DFC5B6-9D24-4819-8234-D5D05123E178}.Debug|Any CPU.ActiveCfg = Debug|Any CPU
		{64DFC5B6-9D24-4819-8234-D5D05123E178}.Debug|Any CPU.Build.0 = Debug|Any CPU
		{64DFC5B6-9D24-4819-8234-D5D05123E178}.Release|Any CPU.ActiveCfg = Release|Any CPU
		{64DFC5B6-9D24-4819-8234-D5D05123E178}.Release|Any CPU.Build.0 = Release|Any CPU
		{046DCC96-80C3-462A-8243-162E239AA764}.Debug|Any CPU.ActiveCfg = Debug|Any CPU
		{046DCC96-80C3-462A-8243-162E239AA764}.Debug|Any CPU.Build.0 = Debug|Any CPU
		{046DCC96-80C3-462A-8243-162E239AA764}.Release|Any CPU.ActiveCfg = Release|Any CPU
		{046DCC96-80C3-462A-8243-162E239AA764}.Release|Any CPU.Build.0 = Release|Any CPU
	EndGlobalSection
	GlobalSection(SolutionProperties) = preSolution
		HideSolutionNode = FALSE
	EndGlobalSection
	GlobalSection(ExtensibilityGlobals) = postSolution
		SolutionGuid = {87F4C8EA-91C7-4BD3-84D9-7C758E10FF61}
	EndGlobalSection
EndGlobal
